
Microsoft Visual Studio Solution File, Format Version 12.00
# Visual Studio Version 17
VisualStudioVersion = 17.3.32819.101
MinimumVisualStudioVersion = 10.0.40219.1
Project("{FAE04EC0-301F-11D3-BF4B-00C04F79EFBC}") = "ClassMethodDemo", "ClassMethodDemo\ClassMethodDemo.csproj", "{2687F6CC-F9AB-453B-AE62-7FE27E657826}"
EndProject
Global
	GlobalSection(SolutionConfigurationPlatforms) = preSolution
		Debug|Any CPU = Debug|Any CPU
		Release|Any CPU = Release|Any CPU
	EndGlobalSection
	GlobalSection(ProjectConfigurationPlatforms) = postSolution
		{2687F6CC-F9AB-453B-AE62-7FE27E657826}.Debug|Any CPU.ActiveCfg = Debug|Any CPU
		{2687F6CC-F9AB-453B-AE62-7FE27E657826}.Debug|Any CPU.Build.0 = Debug|Any CPU
		{2687F6CC-F9AB-453B-AE62-7FE27E657826}.Release|Any CPU.ActiveCfg = Release|Any CPU
		{2687F6CC-F9AB-453B-AE62-7FE27E657826}.Release|Any CPU.Build.0 = Release|Any CPU
	EndGlobalSection
	GlobalSection(SolutionProperties) = preSolution
		HideSolutionNode = FALSE
	EndGlobalSection
	GlobalSection(ExtensibilityGlobals) = postSolution
		SolutionGuid = {D95FFA1B-20A0-47C7-90E6-72AA3CD80557}
	EndGlobalSection
EndGlobal
